
Microsoft Visual Studio Solution File, Format Version 12.00
# Visual Studio Version 16
VisualStudioVersion = 16.0.32228.343
MinimumVisualStudioVersion = 10.0.40219.1
Project("{FAE04EC0-301F-11D3-BF4B-00C04F79EFBC}") = "Course", "Course\Course.csproj", "{DE357F6F-6893-4141-B801-B81847E5976C}"
EndProject
Global
	GlobalSection(SolutionConfigurationPlatforms) = preSolution
		Debug|Any CPU = Debug|Any CPU
		Release|Any CPU = Release|Any CPU
	EndGlobalSection
	GlobalSection(ProjectConfigurationPlatforms) = postSolution
		{DE357F6F-6893-4141-B801-B81847E5976C}.Debug|Any CPU.ActiveCfg = Debug|Any CPU
		{DE357F6F-6893-4141-B801-B81847E5976C}.Debug|Any CPU.Build.0 = Debug|Any CPU
		{DE357F6F-6893-4141-B801-B81847E5976C}.Release|Any CPU.ActiveCfg = Release|Any CPU
		{DE357F6F-6893-4141-B801-B81847E5976C}.Release|Any CPU.Build.0 = Release|Any CPU
	EndGlobalSection
	GlobalSection(SolutionProperties) = preSolution
		HideSolutionNode = FALSE
	EndGlobalSection
	GlobalSection(ExtensibilityGlobals) = postSolution
		SolutionGuid = {42BF21B3-8ECD-49FF-B07C-9B1B3DCBA3BE}
	EndGlobalSection
EndGlobal
