
Microsoft Visual Studio Solution File, Format Version 12.00
# Visual Studio Version 16
VisualStudioVersion = 16.0.32228.343
MinimumVisualStudioVersion = 10.0.40219.1
Project("{FAE04EC0-301F-11D3-BF4B-00C04F79EFBC}") = "Lab.Utilitarios", "Lab.Utilitarios\Lab.Utilitarios.csproj", "{981D3F38-3F7E-4BFD-9E70-4621DB5A8B37}"
EndProject
Project("{FAE04EC0-301F-11D3-BF4B-00C04F79EFBC}") = "Lab.Models", "Lab.Models\Lab.Models.csproj", "{D8B824E9-F608-41D2-8834-3114C704330B}"
EndProject
Project("{FAE04EC0-301F-11D3-BF4B-00C04F79EFBC}") = "Lab.Views", "Lab.Views\Lab.Views.csproj", "{04443915-5EB5-4ADB-8A60-693A2A6EF5AD}"
EndProject
Global
	GlobalSection(SolutionConfigurationPlatforms) = preSolution
		Debug|Any CPU = Debug|Any CPU
		Release|Any CPU = Release|Any CPU
	EndGlobalSection
	GlobalSection(ProjectConfigurationPlatforms) = postSolution
		{981D3F38-3F7E-4BFD-9E70-4621DB5A8B37}.Debug|Any CPU.ActiveCfg = Debug|Any CPU
		{981D3F38-3F7E-4BFD-9E70-4621DB5A8B37}.Debug|Any CPU.Build.0 = Debug|Any CPU
		{981D3F38-3F7E-4BFD-9E70-4621DB5A8B37}.Release|Any CPU.ActiveCfg = Release|Any CPU
		{981D3F38-3F7E-4BFD-9E70-4621DB5A8B37}.Release|Any CPU.Build.0 = Release|Any CPU
		{D8B824E9-F608-41D2-8834-3114C704330B}.Debug|Any CPU.ActiveCfg = Debug|Any CPU
		{D8B824E9-F608-41D2-8834-3114C704330B}.Debug|Any CPU.Build.0 = Debug|Any CPU
		{D8B824E9-F608-41D2-8834-3114C704330B}.Release|Any CPU.ActiveCfg = Release|Any CPU
		{D8B824E9-F608-41D2-8834-3114C704330B}.Release|Any CPU.Build.0 = Release|Any CPU
		{04443915-5EB5-4ADB-8A60-693A2A6EF5AD}.Debug|Any CPU.ActiveCfg = Debug|Any CPU
		{04443915-5EB5-4ADB-8A60-693A2A6EF5AD}.Debug|Any CPU.Build.0 = Debug|Any CPU
		{04443915-5EB5-4ADB-8A60-693A2A6EF5AD}.Release|Any CPU.ActiveCfg = Release|Any CPU
		{04443915-5EB5-4ADB-8A60-693A2A6EF5AD}.Release|Any CPU.Build.0 = Release|Any CPU
	EndGlobalSection
	GlobalSection(SolutionProperties) = preSolution
		HideSolutionNode = FALSE
	EndGlobalSection
	GlobalSection(ExtensibilityGlobals) = postSolution
		SolutionGuid = {EEDEA9D9-192D-4AB7-A75E-9E2DC2326CC6}
	EndGlobalSection
EndGlobal
