
Microsoft Visual Studio Solution File, Format Version 12.00
# Visual Studio Version 16
VisualStudioVersion = 16.0.32228.343
MinimumVisualStudioVersion = 10.0.40219.1
Project("{FAE04EC0-301F-11D3-BF4B-00C04F79EFBC}") = "Course", "Course\Course.csproj", "{FFB519C3-7611-4966-AC95-27295E462015}"
EndProject
Global
	GlobalSection(SolutionConfigurationPlatforms) = preSolution
		Debug|Any CPU = Debug|Any CPU
		Release|Any CPU = Release|Any CPU
	EndGlobalSection
	GlobalSection(ProjectConfigurationPlatforms) = postSolution
		{FFB519C3-7611-4966-AC95-27295E462015}.Debug|Any CPU.ActiveCfg = Debug|Any CPU
		{FFB519C3-7611-4966-AC95-27295E462015}.Debug|Any CPU.Build.0 = Debug|Any CPU
		{FFB519C3-7611-4966-AC95-27295E462015}.Release|Any CPU.ActiveCfg = Release|Any CPU
		{FFB519C3-7611-4966-AC95-27295E462015}.Release|Any CPU.Build.0 = Release|Any CPU
	EndGlobalSection
	GlobalSection(SolutionProperties) = preSolution
		HideSolutionNode = FALSE
	EndGlobalSection
	GlobalSection(ExtensibilityGlobals) = postSolution
		SolutionGuid = {0270A347-A8B4-44D8-A72A-7A970081746D}
	EndGlobalSection
EndGlobal
